
Microsoft Visual Studio Solution File, Format Version 12.00
# Visual Studio Version 17
VisualStudioVersion = 17.1.31903.286
MinimumVisualStudioVersion = 10.0.40219.1
Project("{2150E333-8FDC-42A3-9474-1A3956D46DE8}") = "src", "src", "{9F97E94D-0551-4C3C-992A-0D978868A7D3}"
EndProject
Project("{2150E333-8FDC-42A3-9474-1A3956D46DE8}") = "Domain", "Domain", "{8287972D-AF77-4439-A73A-668EFBCAC6F7}"
EndProject
Project("{2150E333-8FDC-42A3-9474-1A3956D46DE8}") = "Application", "Application", "{8B07350F-6953-4D59-A4C6-5FAD45A85353}"
EndProject
Project("{2150E333-8FDC-42A3-9474-1A3956D46DE8}") = "Data", "Data", "{AF398210-2B79-4171-B7C3-FAAC48C4C333}"
EndProject
Project("{2150E333-8FDC-42A3-9474-1A3956D46DE8}") = "Web", "Web", "{FA383E32-C191-4A85-B099-BB96D205E81B}"
EndProject
Project("{9A19103F-16F7-4668-BE54-9A1E7A4F7556}") = "BWS.Domain", "BWS.Domain\BWS.Domain.csproj", "{40DA17CC-8C6A-4D5A-89A7-95B41DA1B6E1}"
EndProject
Project("{9A19103F-16F7-4668-BE54-9A1E7A4F7556}") = "BWS.Data", "BWS.Data\BWS.Data.csproj", "{85C0599A-C0C7-4B0F-BBD1-D8DD4D59531C}"
EndProject
Project("{2150E333-8FDC-42A3-9474-1A3956D46DE8}") = "Solution Items", "Solution Items", "{CDFD19BF-B2B2-4D25-BA81-3FB56F4A260F}"
	ProjectSection(SolutionItems) = preProject
		.editorconfig = .editorconfig
	EndProjectSection
EndProject
Project("{9A19103F-16F7-4668-BE54-9A1E7A4F7556}") = "BWS.Web", "BWS.Web\BWS.Web.csproj", "{E5CE8150-2665-43EA-A767-1939DC4C897A}"
EndProject
Project("{9A19103F-16F7-4668-BE54-9A1E7A4F7556}") = "BWS.Application", "BWS.Application\BWS.Application.csproj", "{11E2DD54-2D6E-46D5-89F9-B540F48B07B5}"
EndProject
Global
	GlobalSection(SolutionConfigurationPlatforms) = preSolution
		Debug|Any CPU = Debug|Any CPU
		Release|Any CPU = Release|Any CPU
	EndGlobalSection
	GlobalSection(ProjectConfigurationPlatforms) = postSolution
		{40DA17CC-8C6A-4D5A-89A7-95B41DA1B6E1}.Debug|Any CPU.ActiveCfg = Debug|Any CPU
		{40DA17CC-8C6A-4D5A-89A7-95B41DA1B6E1}.Debug|Any CPU.Build.0 = Debug|Any CPU
		{40DA17CC-8C6A-4D5A-89A7-95B41DA1B6E1}.Release|Any CPU.ActiveCfg = Release|Any CPU
		{40DA17CC-8C6A-4D5A-89A7-95B41DA1B6E1}.Release|Any CPU.Build.0 = Release|Any CPU
		{85C0599A-C0C7-4B0F-BBD1-D8DD4D59531C}.Debug|Any CPU.ActiveCfg = Debug|Any CPU
		{85C0599A-C0C7-4B0F-BBD1-D8DD4D59531C}.Debug|Any CPU.Build.0 = Debug|Any CPU
		{85C0599A-C0C7-4B0F-BBD1-D8DD4D59531C}.Release|Any CPU.ActiveCfg = Release|Any CPU
		{85C0599A-C0C7-4B0F-BBD1-D8DD4D59531C}.Release|Any CPU.Build.0 = Release|Any CPU
		{E5CE8150-2665-43EA-A767-1939DC4C897A}.Debug|Any CPU.ActiveCfg = Debug|Any CPU
		{E5CE8150-2665-43EA-A767-1939DC4C897A}.Debug|Any CPU.Build.0 = Debug|Any CPU
		{E5CE8150-2665-43EA-A767-1939DC4C897A}.Release|Any CPU.ActiveCfg = Release|Any CPU
		{E5CE8150-2665-43EA-A767-1939DC4C897A}.Release|Any CPU.Build.0 = Release|Any CPU
		{11E2DD54-2D6E-46D5-89F9-B540F48B07B5}.Debug|Any CPU.ActiveCfg = Debug|Any CPU
		{11E2DD54-2D6E-46D5-89F9-B540F48B07B5}.Debug|Any CPU.Build.0 = Debug|Any CPU
		{11E2DD54-2D6E-46D5-89F9-B540F48B07B5}.Release|Any CPU.ActiveCfg = Release|Any CPU
		{11E2DD54-2D6E-46D5-89F9-B540F48B07B5}.Release|Any CPU.Build.0 = Release|Any CPU
	EndGlobalSection
	GlobalSection(SolutionProperties) = preSolution
		HideSolutionNode = FALSE
	EndGlobalSection
	GlobalSection(NestedProjects) = preSolution
		{8287972D-AF77-4439-A73A-668EFBCAC6F7} = {9F97E94D-0551-4C3C-992A-0D978868A7D3}
		{8B07350F-6953-4D59-A4C6-5FAD45A85353} = {9F97E94D-0551-4C3C-992A-0D978868A7D3}
		{AF398210-2B79-4171-B7C3-FAAC48C4C333} = {9F97E94D-0551-4C3C-992A-0D978868A7D3}
		{FA383E32-C191-4A85-B099-BB96D205E81B} = {9F97E94D-0551-4C3C-992A-0D978868A7D3}
		{40DA17CC-8C6A-4D5A-89A7-95B41DA1B6E1} = {8287972D-AF77-4439-A73A-668EFBCAC6F7}
		{85C0599A-C0C7-4B0F-BBD1-D8DD4D59531C} = {AF398210-2B79-4171-B7C3-FAAC48C4C333}
		{E5CE8150-2665-43EA-A767-1939DC4C897A} = {FA383E32-C191-4A85-B099-BB96D205E81B}
		{11E2DD54-2D6E-46D5-89F9-B540F48B07B5} = {8B07350F-6953-4D59-A4C6-5FAD45A85353}
	EndGlobalSection
	GlobalSection(ExtensibilityGlobals) = postSolution
		SolutionGuid = {981690CF-EC0E-4D32-988C-DCD0CB1582B9}
	EndGlobalSection
EndGlobal
